{
  "nodes": {
    "devenv": {
      "locked": {
        "dir": "src/modules",
        "lastModified": 1788956372,
        "narHash": "sha256-ACop98BNBAWic+KLXd5PBSwzxzMUfEWmefVXDBDFyHQ=",
        "owner": "cachix",
        "repo": "devenv",
        "rev": "2a399e9ea5e981f225d75b25c8fa8d76f730131d",
        "type": "github"
      },
      "original": {
        "dir": "src/modules",
        "owner": "cachix",
        "repo": "devenv",
        "type": "github"
      }
    },
    "flake-compat": {
      "flake": false,
      "locked": {
        "lastModified": 1767039857,
        "narHash": "sha256-vNpUSpF5Nuw8xvDLj2KCwwksIbjua2LZCqhV1LNRDns=",
        "owner": "edolstra",
        "repo": "flake-compat",
        "rev": "5edf11c44bc78a0d334f6334cdaf7d60d732daab",
        "type": "github"
      },
      "original": {
        "owner": "edolstra",
        "repo": "flake-compat",
        "type": "github"
      }
    },
    "nixpkgs": {
      "locked": {
        "lastModified": 1789073787,
        "narHash": "sha256-xfX/toC2QV707s06GbP4II/TxYF0fNQj7s5/LClNDKc=",
        "owner": "NixOS",
        "repo": "nixpkgs",
        "rev": "aff8a0b28396750446e5537a96461bc4facdb287",
        "type": "github"
      },
      "original": {
        "owner": "NixOS",
        "ref": "nixpkgs-unstable",
        "repo": "nixpkgs",
        "type": "github"
      }
    },
    "nixpkgs-python": {
      "inputs": {
        "flake-compat": "flake-compat",
        "nixpkgs": [
          "nixpkgs"
        ]
      },
      "locked": {
        "lastModified": 1786471740,
        "narHash": "sha256-9PEUIbLorWC455Oa/4dxuLh+PFPfENBOgEN52gw+Onk=",
        "owner": "cachix",
        "repo": "nixpkgs-python",
        "rev": "4d2bd16c09baaa04f4045f16f6a5574654aaba16",
        "type": "github"
      },
      "original": {
        "owner": "cachix",
        "repo": "nixpkgs-python",
        "type": "github"
      }
    },
    "root": {
      "inputs": {
        "devenv": "devenv",
        "nixpkgs": "nixpkgs",
        "nixpkgs-python": "nixpkgs-python",
        "trailofbits-skills": "trailofbits-skills",
        "wshobson-agents": "wshobson-agents"
      }
    },
    "trailofbits-skills": {
      "flake": false,
      "locked": {
        "lastModified": 1788986894,
        "narHash": "sha256-IXAg57oHBMCYL10sP5WLbo0G21NhaotRZZEhKq+OdwA=",
        "owner": "trailofbits",
        "repo": "skills",
        "rev": "321ccfe628eca0d314b0ee4eaffcdd8a05639aaf",
        "type": "github"
      },
      "original": {
        "owner": "trailofbits",
        "repo": "skills",
        "rev": "321ccfe628eca0d314b0ee4eaffcdd8a05639aaf",
        "type": "github"
      }
    },
    "wshobson-agents": {
      "flake": false,
      "locked": {
        "lastModified": 1788302183,
        "narHash": "sha256-sL/1lVCj20Z7WItLZEbafGuw8ifsou0bnPKR9Z77KDM=",
        "owner": "wshobson",
        "repo": "agents",
        "rev": "a30778f8c4e6b0a87567941b7cca4f534bf642b6",
        "type": "github"
      },
      "original": {
        "owner": "wshobson",
        "repo": "agents",
        "rev": "a30778f8c4e6b0a87567941b7cca4f534bf642b6",
        "type": "github"
      }
    }
  },
  "root": "root",
  "version": 7
}