{
  "nodes": {
    "devenv": {
      "locked": {
        "dir": "src/modules",
        "lastModified": 1789480904,
        "narHash": "sha256-anHWHTkxI7423/eUroN9Rc4+H8VIGyIUWq/hV1egBDQ=",
        "owner": "cachix",
        "repo": "devenv",
        "rev": "0fd5e6d3a9b2ae6f10205a3e95e0ca58d526c5a6",
        "type": "github"
      },
      "original": {
        "dir": "src/modules",
        "owner": "cachix",
        "repo": "devenv",
        "type": "github"
      }
    },
    "neolabhq-cek": {
      "flake": false,
      "locked": {
        "lastModified": 1787778481,
        "narHash": "sha256-HiF7c6a6EPsIbGka/ZFqggx9OfJm90N1w3Fh7IRv81s=",
        "owner": "NeoLabHQ",
        "repo": "context-engineering-kit",
        "rev": "23e2428e809d77717f8acc9659c374a3a1fcb93e",
        "type": "github"
      },
      "original": {
        "owner": "NeoLabHQ",
        "repo": "context-engineering-kit",
        "type": "github"
      }
    },
    "nixpkgs": {
      "locked": {
        "lastModified": 1789370336,
        "narHash": "sha256-6RSEDHIWQtesQKWSu5qRai8L2h4KgCgMEfJHstW99G4=",
        "owner": "NixOS",
        "repo": "nixpkgs",
        "rev": "c7def046b9a883d46974757852106483d741586f",
        "type": "github"
      },
      "original": {
        "owner": "NixOS",
        "ref": "nixpkgs-unstable",
        "repo": "nixpkgs",
        "type": "github"
      }
    },
    "root": {
      "inputs": {
        "devenv": "devenv",
        "neolabhq-cek": "neolabhq-cek",
        "nixpkgs": "nixpkgs"
      }
    }
  },
  "root": "root",
  "version": 7
}