{
  "nodes": {
    "addyosmani-agent-skills": {
      "flake": false,
      "locked": {
        "lastModified": 1788578676,
        "narHash": "sha256-29Kj16nWhmr1l3EP9lI3zxr7bq4iJIZyTPngbC5/m0A=",
        "owner": "addyosmani",
        "repo": "agent-skills",
        "rev": "71e1f11b0842375b86100f90004d14e7e3bde92a",
        "type": "github"
      },
      "original": {
        "owner": "addyosmani",
        "ref": "0.6.9",
        "repo": "agent-skills",
        "type": "github"
      }
    },
    "bun2nix": {
      "inputs": {
        "flake-parts": [
          "llm-agents",
          "flake-parts"
        ],
        "nixpkgs": [
          "llm-agents",
          "nixpkgs"
        ],
        "systems": [
          "llm-agents",
          "systems"
        ],
        "treefmt-nix": [
          "llm-agents",
          "treefmt-nix"
        ]
      },
      "locked": {
        "lastModified": 1788011267,
        "narHash": "sha256-mEq2kU+ljompTToZ44Afvm7d/rHJ5iMBl0tjZuyShJs=",
        "owner": "Mic92",
        "repo": "bun2nix",
        "rev": "5765b0614591f75ee8ba5596e81ae85c167d1071",
        "type": "github"
      },
      "original": {
        "owner": "Mic92",
        "ref": "fix-structured-attrs-hook",
        "repo": "bun2nix",
        "type": "github"
      }
    },
    "devenv": {
      "locked": {
        "dir": "src/modules",
        "lastModified": 1789480904,
        "narHash": "sha256-anHWHTkxI7423/eUroN9Rc4+H8VIGyIUWq/hV1egBDQ=",
        "owner": "cachix",
        "repo": "devenv",
        "rev": "0fd5e6d3a9b2ae6f10205a3e95e0ca58d526c5a6",
        "type": "github"
      },
      "original": {
        "dir": "src/modules",
        "owner": "cachix",
        "repo": "devenv",
        "type": "github"
      }
    },
    "flake-parts": {
      "inputs": {
        "nixpkgs-lib": [
          "llm-agents",
          "nixpkgs"
        ]
      },
      "locked": {
        "lastModified": 1788450739,
        "narHash": "sha256-glZLQlzIn1fXH6PazR2iUmTo7kzzyYSshrWhLS9TqCU=",
        "owner": "hercules-ci",
        "repo": "flake-parts",
        "rev": "31729ca8cbdb4fa927b34e5f4353e6a83f39e993",
        "type": "github"
      },
      "original": {
        "owner": "hercules-ci",
        "repo": "flake-parts",
        "type": "github"
      }
    },
    "llm-agents": {
      "inputs": {
        "bun2nix": "bun2nix",
        "flake-parts": "flake-parts",
        "nixpkgs": "nixpkgs",
        "systems": "systems",
        "treefmt-nix": "treefmt-nix"
      },
      "locked": {
        "lastModified": 1789663858,
        "narHash": "sha256-OorwFv6z/E0+rE769HyyS6yEsgEBUFNFeWIaWOPUw3g=",
        "owner": "numtide",
        "repo": "llm-agents.nix",
        "rev": "47d245042a8325337efbe4683c53d4d5e958d967",
        "type": "github"
      },
      "original": {
        "owner": "numtide",
        "repo": "llm-agents.nix",
        "type": "github"
      }
    },
    "mattpocock-skills": {
      "flake": false,
      "locked": {
        "lastModified": 1786025105,
        "narHash": "sha256-I/EXHGW92nXz6JCLp8SKGgzXrbbUTkLAfxv8bc/ThwQ=",
        "owner": "mattpocock",
        "repo": "skills",
        "rev": "835450ef244ab7335f75d95b83e7d979eae22a6d",
        "type": "github"
      },
      "original": {
        "owner": "mattpocock",
        "ref": "v1.2.3",
        "repo": "skills",
        "type": "github"
      }
    },
    "neolabhq-cek": {
      "flake": false,
      "locked": {
        "lastModified": 1787778481,
        "narHash": "sha256-HiF7c6a6EPsIbGka/ZFqggx9OfJm90N1w3Fh7IRv81s=",
        "owner": "NeoLabHQ",
        "repo": "context-engineering-kit",
        "rev": "23e2428e809d77717f8acc9659c374a3a1fcb93e",
        "type": "github"
      },
      "original": {
        "owner": "NeoLabHQ",
        "repo": "context-engineering-kit",
        "type": "github"
      }
    },
    "nixpkgs": {
      "locked": {
        "lastModified": 1789370336,
        "narHash": "sha256-6RSEDHIWQtesQKWSu5qRai8L2h4KgCgMEfJHstW99G4=",
        "owner": "NixOS",
        "repo": "nixpkgs",
        "rev": "c7def046b9a883d46974757852106483d741586f",
        "type": "github"
      },
      "original": {
        "owner": "NixOS",
        "ref": "nixpkgs-unstable",
        "repo": "nixpkgs",
        "type": "github"
      }
    },
    "nixpkgs_2": {
      "locked": {
        "lastModified": 1789370336,
        "narHash": "sha256-6RSEDHIWQtesQKWSu5qRai8L2h4KgCgMEfJHstW99G4=",
        "owner": "NixOS",
        "repo": "nixpkgs",
        "rev": "c7def046b9a883d46974757852106483d741586f",
        "type": "github"
      },
      "original": {
        "owner": "NixOS",
        "ref": "nixpkgs-unstable",
        "repo": "nixpkgs",
        "type": "github"
      }
    },
    "root": {
      "inputs": {
        "addyosmani-agent-skills": "addyosmani-agent-skills",
        "devenv": "devenv",
        "llm-agents": "llm-agents",
        "mattpocock-skills": "mattpocock-skills",
        "neolabhq-cek": "neolabhq-cek",
        "nixpkgs": "nixpkgs_2"
      }
    },
    "systems": {
      "locked": {
        "lastModified": 1681028828,
        "narHash": "sha256-Vy1rq5AaRuLzOxct8nz4T6wlgyUR7zLU309k9mBC768=",
        "owner": "nix-systems",
        "repo": "default",
        "rev": "da67096a3b9bf56a91d16901293e51ba5b49a27e",
        "type": "github"
      },
      "original": {
        "owner": "nix-systems",
        "repo": "default",
        "type": "github"
      }
    },
    "treefmt-nix": {
      "inputs": {
        "nixpkgs": [
          "llm-agents",
          "nixpkgs"
        ]
      },
      "locked": {
        "lastModified": 1786901030,
        "narHash": "sha256-WSFCsDSE5ffgD2MqzkM2CYjeFiKhRF/dJUN8uedb6YE=",
        "owner": "numtide",
        "repo": "treefmt-nix",
        "rev": "27b3b12a8e6375f28ebe122f07d230ca5459bbfa",
        "type": "github"
      },
      "original": {
        "owner": "numtide",
        "repo": "treefmt-nix",
        "type": "github"
      }
    }
  },
  "root": "root",
  "version": 7
}